
Microsoft Visual Studio Solution File, Format Version 12.00
# Visual Studio Version 17
VisualStudioVersion = 17.11.35327.3
MinimumVisualStudioVersion = 10.0.40219.1
Project("{8BC9CEB8-8B4A-11D0-8D11-00A0C91BC942}") = "Module10_Task1", "Module10_Task1\Module10_Task1.vcxproj", "{7B292427-B08B-43E7-9CF0-707F39E0EDFD}"
EndProject
Project("{8BC9CEB8-8B4A-11D0-8D11-00A0C91BC942}") = "Module10_Task2", "Module10_Task2\Module10_Task2.vcxproj", "{A5F76B50-30A7-42BB-AAD3-F9BC6F311A82}"
EndProject
Project("{8BC9CEB8-8B4A-11D0-8D11-00A0C91BC942}") = "Module10_Task3", "Module10_Task3\Module10_Task3.vcxproj", "{FEF5BAE3-3179-448C-A642-5039EC182575}"
EndProject
Global
	GlobalSection(SolutionConfigurationPlatforms) = preSolution
		Debug|x64 = Debug|x64
		Debug|x86 = Debug|x86
		Release|x64 = Release|x64
		Release|x86 = Release|x86
	EndGlobalSection
	GlobalSection(ProjectConfigurationPlatforms) = postSolution
		{7B292427-B08B-43E7-9CF0-707F39E0EDFD}.Debug|x64.ActiveCfg = Debug|x64
		{7B292427-B08B-43E7-9CF0-707F39E0EDFD}.Debug|x64.Build.0 = Debug|x64
		{7B292427-B08B-43E7-9CF0-707F39E0EDFD}.Debug|x86.ActiveCfg = Debug|Win32
		{7B292427-B08B-43E7-9CF0-707F39E0EDFD}.Debug|x86.Build.0 = Debug|Win32
		{7B292427-B08B-43E7-9CF0-707F39E0EDFD}.Release|x64.ActiveCfg = Release|x64
		{7B292427-B08B-43E7-9CF0-707F39E0EDFD}.Release|x64.Build.0 = Release|x64
		{7B292427-B08B-43E7-9CF0-707F39E0EDFD}.Release|x86.ActiveCfg = Release|Win32
		{7B292427-B08B-43E7-9CF0-707F39E0EDFD}.Release|x86.Build.0 = Release|Win32
		{A5F76B50-30A7-42BB-AAD3-F9BC6F311A82}.Debug|x64.ActiveCfg = Debug|x64
		{A5F76B50-30A7-42BB-AAD3-F9BC6F311A82}.Debug|x64.Build.0 = Debug|x64
		{A5F76B50-30A7-42BB-AAD3-F9BC6F311A82}.Debug|x86.ActiveCfg = Debug|Win32
		{A5F76B50-30A7-42BB-AAD3-F9BC6F311A82}.Debug|x86.Build.0 = Debug|Win32
		{A5F76B50-30A7-42BB-AAD3-F9BC6F311A82}.Release|x64.ActiveCfg = Release|x64
		{A5F76B50-30A7-42BB-AAD3-F9BC6F311A82}.Release|x64.Build.0 = Release|x64
		{A5F76B50-30A7-42BB-AAD3-F9BC6F311A82}.Release|x86.ActiveCfg = Release|Win32
		{A5F76B50-30A7-42BB-AAD3-F9BC6F311A82}.Release|x86.Build.0 = Release|Win32
		{FEF5BAE3-3179-448C-A642-5039EC182575}.Debug|x64.ActiveCfg = Debug|x64
		{FEF5BAE3-3179-448C-A642-5039EC182575}.Debug|x64.Build.0 = Debug|x64
		{FEF5BAE3-3179-448C-A642-5039EC182575}.Debug|x86.ActiveCfg = Debug|Win32
		{FEF5BAE3-3179-448C-A642-5039EC182575}.Debug|x86.Build.0 = Debug|Win32
		{FEF5BAE3-3179-448C-A642-5039EC182575}.Release|x64.ActiveCfg = Release|x64
		{FEF5BAE3-3179-448C-A642-5039EC182575}.Release|x64.Build.0 = Release|x64
		{FEF5BAE3-3179-448C-A642-5039EC182575}.Release|x86.ActiveCfg = Release|Win32
		{FEF5BAE3-3179-448C-A642-5039EC182575}.Release|x86.Build.0 = Release|Win32
	EndGlobalSection
	GlobalSection(SolutionProperties) = preSolution
		HideSolutionNode = FALSE
	EndGlobalSection
	GlobalSection(ExtensibilityGlobals) = postSolution
		SolutionGuid = {B9F67081-362E-4722-9121-0A8EED55DF62}
	EndGlobalSection
EndGlobal
